PODS:
  - JAScanner (0.0.1.1):
    - YYCategories
  - YYCategories (1.0.4):
    - YYCategories/no-arc (= 1.0.4)
  - YYCategories/no-arc (1.0.4)

DEPENDENCIES:
  - JAScanner (from `../`)

SPEC REPOS:
  https://github.com/cocoapods/specs.git:
    - YYCategories

EXTERNAL SOURCES:
  JAScanner:
    :path: "../"

SPEC CHECKSUMS:
  JAScanner: 040d715a6f20d0d3861697eb2be782272f0e960a
  YYCategories: 6bcd4314c6661a561410dce4a793379ebd306abd

PODFILE CHECKSUM: 3ac53eb084b5304847212bf23e769dcaa25b8b75

COCOAPODS: 1.6.1
